// !$*UTF8*$!
{
	archiveVersion = 1;
	classes = {
	};
	objectVersion = 50;
	objects = {

/* Begin PBXBuildFile section */
		6674D41521FDD257000DCFD5 /* AppDelegate.swift in Sources */ = {isa = PBXBuildFile; fileRef = 6674D41421FDD257000DCFD5 /* AppDelegate.swift */; };
		6674D41721FDD257000DCFD5 /* ViewController.swift in Sources */ = {isa = PBXBuildFile; fileRef = 6674D41621FDD257000DCFD5 /* ViewController.swift */; };
		6674D41A21FDD257000DCFD5 /* Main.storyboard in Resources */ = {isa = PBXBuildFile; fileRef = 6674D41821FDD257000DCFD5 /* Main.storyboard */; };
		6674D41C21FDD259000DCFD5 /* Assets.xcassets in Resources */ = {isa = PBXBuildFile; fileRef = 6674D41B21FDD259000DCFD5 /* Assets.xcassets */; };
		6674D41F21FDD259000DCFD5 /* LaunchScreen.storyboard in Resources */ = {isa = PBXBuildFile; fileRef = 6674D41D21FDD259000DCFD5 /* LaunchScreen.storyboard */; };
		6674D42A21FDD259000DCFD5 /* FirstDemoTests.swift in Sources */ = {isa = PBXBuildFile; fileRef = 6674D42921FDD259000DCFD5 /* FirstDemoTests.swift */; };
/* End PBXBuildFile section */

/* Begin PBXContainerItemProxy section */
		6674D42621FDD259000DCFD5 /* PBXContainerItemProxy */ = {
			isa = PBXContainerItemProxy;
			containerPortal = 6674D40921FDD257000DCFD5 /* Project object */;
			proxyType = 1;
			remoteGlobalIDString = 6674D41021FDD257000DCFD5;
			remoteInfo = FirstDemo;
		};
/* End PBXContainerItemProxy section */

/* Begin PBXFileReference section */
		6674D41121FDD257000DCFD5 /* FirstDemo.app */ = {isa = PBXFileReference; explicitFileType = wrapper.application; includeInIndex = 0; path = FirstDemo.app; sourceTree = BUILT_PRODUCTS_DIR; };
		6674D41421FDD257000DCFD5 /* AppDelegate.swift */ = {isa = PBXFileReference; lastKnownFileType = sourcecode.swift; path = AppDelegate.swift; sourceTree = "<group>"; };
		6674D41621FDD257000DCFD5 /* ViewController.swift */ = {isa = PBXFileReference; lastKnownFileType = sourcecode.swift; path = ViewController.swift; sourceTree = "<group>"; };
		6674D41921FDD257000DCFD5 /* Base */ = {isa = PBXFileReference; lastKnownFileType = file.storyboard; name = Base; path = Base.lproj/Main.storyboard; sourceTree = "<group>"; };
		6674D41B21FDD259000DCFD5 /* Assets.xcassets */ = {isa = PBXFileReference; lastKnownFileType = folder.assetcatalog; path = Assets.xcassets; sourceTree = "<group>"; };
		6674D41E21FDD259000DCFD5 /* Base */ = {isa = PBXFileReference; lastKnownFileType = file.storyboard; name = Base; path = Base.lproj/LaunchScreen.storyboard; sourceTree = "<group>"; };
		6674D42021FDD259000DCFD5 /* Info.plist */ = {isa = PBXFileReference; lastKnownFileType = text.plist.xml; path = Info.plist; sourceTree = "<group>"; };
		6674D42521FDD259000DCFD5 /* FirstDemoTests.xctest */ = {isa = PBXFileReference; explicitFileType = wrapper.cfbundle; includeInIndex = 0; path = FirstDemoTests.xctest; sourceTree = BUILT_PRODUCTS_DIR; };
		6674D42921FDD259000DCFD5 /* FirstDemoTests.swift */ = {isa = PBXFileReference; lastKnownFileType = sourcecode.swift; path = FirstDemoTests.swift; sourceTree = "<group>"; };
		6674D42B21FDD259000DCFD5 /* Info.plist */ = {isa = PBXFileReference; lastKnownFileType = text.plist.xml; path = Info.plist; sourceTree = "<group>"; };
/* End PBXFileReference section */

/* Begin PBXFrameworksBuildPhase section */
		6674D40E21FDD257000DCFD5 /* Frameworks */ = {
			isa = PBXFrameworksBuildPhase;
			buildActionMask = 2147483647;
			files = (
			);
			runOnlyForDeploymentPostprocessing = 0;
		};
		6674D42221FDD259000DCFD5 /* Frameworks */ = {
			isa = PBXFrameworksBuildPhase;
			buildActionMask = 2147483647;
			files = (
			);
			runOnlyForDeploymentPostprocessing = 0;
		};
/* End PBXFrameworksBuildPhase section */

/* Begin PBXGroup section */
		6674D40821FDD257000DCFD5 = {
			isa = PBXGroup;
			children = (
				6674D41321FDD257000DCFD5 /* FirstDemo */,
				6674D42821FDD259000DCFD5 /* FirstDemoTests */,
				6674D41221FDD257000DCFD5 /* Products */,
			);
			sourceTree = "<group>";
		};
		6674D41221FDD257000DCFD5 /* Products */ = {
			isa = PBXGroup;
			children = (
				6674D41121FDD257000DCFD5 /* FirstDemo.app */,
				6674D42521FDD259000DCFD5 /* FirstDemoTests.xctest */,
			);
			name = Products;
			sourceTree = "<group>";
		};
		6674D41321FDD257000DCFD5 /* FirstDemo */ = {
			isa = PBXGroup;
			children = (
				6674D41421FDD257000DCFD5 /* AppDelegate.swift */,
				6674D41621FDD257000DCFD5 /* ViewController.swift */,
				6674D41821FDD257000DCFD5 /* Main.storyboard */,
				6674D41B21FDD259000DCFD5 /* Assets.xcassets */,
				6674D41D21FDD259000DCFD5 /* LaunchScreen.storyboard */,
				6674D42021FDD259000DCFD5 /* Info.plist */,
			);
			path = FirstDemo;
			sourceTree = "<group>";
		};
		6674D42821FDD259000DCFD5 /* FirstDemoTests */ = {
			isa = PBXGroup;
			children = (
				6674D42921FDD259000DCFD5 /* FirstDemoTests.swift */,
				6674D42B21FDD259000DCFD5 /* Info.plist */,
			);
			path = FirstDemoTests;
			sourceTree = "<group>";
		};
/* End PBXGroup section */

/* Begin PBXNativeTarget section */
		6674D41021FDD257000DCFD5 /* FirstDemo */ = {
			isa = PBXNativeTarget;
			buildConfigurationList = 6674D42E21FDD259000DCFD5 /* Build configuration list for PBXNativeTarget "FirstDemo" */;
			buildPhases = (
				6674D40D21FDD257000DCFD5 /* Sources */,
				6674D40E21FDD257000DCFD5 /* Frameworks */,
				6674D40F21FDD257000DCFD5 /* Resources */,
			);
			buildRules = (
			);
			dependencies = (
			);
			name = FirstDemo;
			productName = FirstDemo;
			productReference = 6674D41121FDD257000DCFD5 /* FirstDemo.app */;
			productType = "com.apple.product-type.application";
		};
		6674D42421FDD259000DCFD5 /* FirstDemoTests */ = {
			isa = PBXNativeTarget;
			buildConfigurationList = 6674D43121FDD259000DCFD5 /* Build configuration list for PBXNativeTarget "FirstDemoTests" */;
			buildPhases = (
				6674D42121FDD259000DCFD5 /* Sources */,
				6674D42221FDD259000DCFD5 /* Frameworks */,
				6674D42321FDD259000DCFD5 /* Resources */,
			);
			buildRules = (
			);
			dependencies = (
				6674D42721FDD259000DCFD5 /* PBXTargetDependency */,
			);
			name = FirstDemoTests;
			productName = FirstDemoTests;
			productReference = 6674D42521FDD259000DCFD5 /* FirstDemoTests.xctest */;
			productType = "com.apple.product-type.bundle.unit-test";
		};
/* End PBXNativeTarget section */

/* Begin PBXProject section */
		6674D40921FDD257000DCFD5 /* Project object */ = {
			isa = PBXProject;
			attributes = {
				LastSwiftUpdateCheck = 1020;
				LastUpgradeCheck = 1020;
				ORGANIZATIONNAME = "Kazuki Ohara";
				TargetAttributes = {
					6674D41021FDD257000DCFD5 = {
						CreatedOnToolsVersion = 10.2;
					};
					6674D42421FDD259000DCFD5 = {
						CreatedOnToolsVersion = 10.2;
						TestTargetID = 6674D41021FDD257000DCFD5;
					};
				};
			};
			buildConfigurationList = 6674D40C21FDD257000DCFD5 /* Build configuration list for PBXProject "FirstDemo" */;
			compatibilityVersion = "Xcode 9.3";
			developmentRegion = en;
			hasScannedForEncodings = 0;
			knownRegions = (
				en,
				Base,
			);
			mainGroup = 6674D40821FDD257000DCFD5;
			productRefGroup = 6674D41221FDD257000DCFD5 /* Products */;
			projectDirPath = "";
			projectRoot = "";
			targets = (
				6674D41021FDD257000DCFD5 /* FirstDemo */,
				6674D42421FDD259000DCFD5 /* FirstDemoTests */,
			);
		};
/* End PBXProject section */

/* Begin PBXResourcesBuildPhase section */
		6674D40F21FDD257000DCFD5 /* Resources */ = {
			isa = PBXResourcesBuildPhase;
			buildActionMask = 2147483647;
			files = (
				6674D41F21FDD259000DCFD5 /* LaunchScreen.storyboard in Resources */,
				6674D41C21FDD259000DCFD5 /* Assets.xcassets in Resources */,
				6674D41A21FDD257000DCFD5 /* Main.storyboard in Resources */,
			);
			runOnlyForDeploymentPostprocessing = 0;
		};
		6674D42321FDD259000DCFD5 /* Resources */ = {
			isa = PBXResourcesBuildPhase;
			buildActionMask = 2147483647;
			files = (
			);
			runOnlyForDeploymentPostprocessing = 0;
		};
/* End PBXResourcesBuildPhase section */

/* Begin PBXSourcesBuildPhase section */
		6674D40D21FDD257000DCFD5 /* Sources */ = {
			isa = PBXSourcesBuildPhase;
			buildActionMask = 2147483647;
			files = (
				6674D41721FDD257000DCFD5 /* ViewController.swift in Sources */,
				6674D41521FDD257000DCFD5 /* AppDelegate.swift in Sources */,
			);
			runOnlyForDeploymentPostprocessing = 0;
		};
		6674D42121FDD259000DCFD5 /* Sources */ = {
			isa = PBXSourcesBuildPhase;
			buildActionMask = 2147483647;
			files = (
				6674D42A21FDD259000DCFD5 /* FirstDemoTests.swift in Sources */,
			);
			runOnlyForDeploymentPostprocessing = 0;
		};
/* End PBXSourcesBuildPhase section */

/* Begin PBXTargetDependency section */
		6674D42721FDD259000DCFD5 /* PBXTargetDependency */ = {
			isa = PBXTargetDependency;
			target = 6674D41021FDD257000DCFD5 /* FirstDemo */;
			targetProxy = 6674D42621FDD259000DCFD5 /* PBXContainerItemProxy */;
		};
/* End PBXTargetDependency section */

/* Begin PBXVariantGroup section */
		6674D41821FDD257000DCFD5 /* Main.storyboard */ = {
			isa = PBXVariantGroup;
			children = (
				6674D41921FDD257000DCFD5 /* Base */,
			);
			name = Main.storyboard;
			sourceTree = "<group>";
		};
		6674D41D21FDD259000DCFD5 /* LaunchScreen.storyboard */ = {
			isa = PBXVariantGroup;
			children = (
				6674D41E21FDD259000DCFD5 /* Base */,
			);
			name = LaunchScreen.storyboard;
			sourceTree = "<group>";
		};
/* End PBXVariantGroup section */

/* Begin XCBuildConfiguration section */
		6674D42C21FDD259000DCFD5 /* Debug */ = {
			isa = XCBuildConfiguration;
			buildSettings = {
				ALWAYS_SEARCH_USER_PATHS = NO;
				CLANG_ANALYZER_NONNULL = YES;
				CLANG_ANALYZER_NUMBER_OBJECT_CONVERSION = YES_AGGRESSIVE;
				CLANG_CXX_LANGUAGE_STANDARD = "gnu++14";
				CLANG_CXX_LIBRARY = "libc++";
				CLANG_ENABLE_MODULES = YES;
				CLANG_ENABLE_OBJC_ARC = YES;
				CLANG_ENABLE_OBJC_WEAK = YES;
				CLANG_WARN_BLOCK_CAPTURE_AUTORELEASING = YES;
				CLANG_WARN_BOOL_CONVERSION = YES;
				CLANG_WARN_COMMA = YES;
				CLANG_WARN_CONSTANT_CONVERSION = YES;
				CLANG_WARN_DEPRECATED_OBJC_IMPLEMENTATIONS = YES;
				CLANG_WARN_DIRECT_OBJC_ISA_USAGE = YES_ERROR;
				CLANG_WARN_DOCUMENTATION_COMMENTS = YES;
				CLANG_WARN_EMPTY_BODY = YES;
				CLANG_WARN_ENUM_CONVERSION = YES;
				CLANG_WARN_INFINITE_RECURSION = YES;
				CLANG_WARN_INT_CONVERSION = YES;
				CLANG_WARN_NON_LITERAL_NULL_CONVERSION = YES;
				CLANG_WARN_OBJC_IMPLICIT_RETAIN_SELF = YES;
				CLANG_WARN_OBJC_LITERAL_CONVERSION = YES;
				CLANG_WARN_OBJC_ROOT_CLASS = YES_ERROR;
				CLANG_WARN_RANGE_LOOP_ANALYSIS = YES;
				CLANG_WARN_STRICT_PROTOTYPES = YES;
				CLANG_WARN_SUSPICIOUS_MOVE = YES;
				CLANG_WARN_UNGUARDED_AVAILABILITY = YES_AGGRESSIVE;
				CLANG_WARN_UNREACHABLE_CODE = YES;
				CLANG_WARN__DUPLICATE_METHOD_MATCH = YES;
				CODE_SIGN_IDENTITY = "iPhone Developer";
				COPY_PHASE_STRIP = NO;
				DEBUG_INFORMATION_FORMAT = dwarf;
				ENABLE_STRICT_OBJC_MSGSEND = YES;
				ENABLE_TESTABILITY = YES;
				GCC_C_LANGUAGE_STANDARD = gnu11;
				GCC_DYNAMIC_NO_PIC = NO;
				GCC_NO_COMMON_BLOCKS = YES;
				GCC_OPTIMIZATION_LEVEL = 0;
				GCC_PREPROCESSOR_DEFINITIONS = (
					"DEBUG=1",
					"$(inherited)",
				);
				GCC_WARN_64_TO_32_BIT_CONVERSION = YES;
				GCC_WARN_ABOUT_RETURN_TYPE = YES_ERROR;
				GCC_WARN_UNDECLARED_SELECTOR = YES;
				GCC_WARN_UNINITIALIZED_AUTOS = YES_AGGRESSIVE;
				GCC_WARN_UNUSED_FUNCTION = YES;
				GCC_WARN_UNUSED_VARIABLE = YES;
				IPHONEOS_DEPLOYMENT_TARGET = 11.0;
				MTL_ENABLE_DEBUG_INFO = INCLUDE_SOURCE;
				MTL_FAST_MATH = YES;
				ONLY_ACTIVE_ARCH = YES;
				SDKROOT = iphoneos;
				SWIFT_ACTIVE_COMPILATION_CONDITIONS = DEBUG;
				SWIFT_OPTIMIZATION_LEVEL = "-Onone";
			};
			name = Debug;
		};
		6674D42D21FDD259000DCFD5 /* Release */ = {
			isa = XCBuildConfiguration;
			buildSettings = {
				ALWAYS_SEARCH_USER_PATHS = NO;
				CLANG_ANALYZER_NONNULL = YES;
				CLANG_ANALYZER_NUMBER_OBJECT_CONVERSION = YES_AGGRESSIVE;
				CLANG_CXX_LANGUAGE_STANDARD = "gnu++14";
				CLANG_CXX_LIBRARY = "libc++";
				CLANG_ENABLE_MODULES = YES;
				CLANG_ENABLE_OBJC_ARC = YES;
				CLANG_ENABLE_OBJC_WEAK = YES;
				CLANG_WARN_BLOCK_CAPTURE_AUTORELEASING = YES;
				CLANG_WARN_BOOL_CONVERSION = YES;
				CLANG_WARN_COMMA = YES;
				CLANG_WARN_CONSTANT_CONVERSION = YES;
				CLANG_WARN_DEPRECATED_OBJC_IMPLEMENTATIONS = YES;
				CLANG_WARN_DIRECT_OBJC_ISA_USAGE = YES_ERROR;
				CLANG_WARN_DOCUMENTATION_COMMENTS = YES;
				CLANG_WARN_EMPTY_BODY = YES;
				CLANG_WARN_ENUM_CONVERSION = YES;
				CLANG_WARN_INFINITE_RECURSION = YES;
				CLANG_WARN_INT_CONVERSION = YES;
				CLANG_WARN_NON_LITERAL_NULL_CONVERSION = YES;
				CLANG_WARN_OBJC_IMPLICIT_RETAIN_SELF = YES;
				CLANG_WARN_OBJC_LITERAL_CONVERSION = YES;
				CLANG_WARN_OBJC_ROOT_CLASS = YES_ERROR;
				CLANG_WARN_RANGE_LOOP_ANALYSIS = YES;
				CLANG_WARN_STRICT_PROTOTYPES = YES;
				CLANG_WARN_SUSPICIOUS_MOVE = YES;
				CLANG_WARN_UNGUARDED_AVAILABILITY = YES_AGGRESSIVE;
				CLANG_WARN_UNREACHABLE_CODE = YES;
				CLANG_WARN__DUPLICATE_METHOD_MATCH = YES;
				CODE_SIGN_IDENTITY = "iPhone Developer";
				COPY_PHASE_STRIP = NO;
				DEBUG_INFORMATION_FORMAT = "dwarf-with-dsym";
				ENABLE_NS_ASSERTIONS = NO;
				ENABLE_STRICT_OBJC_MSGSEND = YES;
				GCC_C_LANGUAGE_STANDARD = gnu11;
				GCC_NO_COMMON_BLOCKS = YES;
				GCC_WARN_64_TO_32_BIT_CONVERSION = YES;
				GCC_WARN_ABOUT_RETURN_TYPE = YES_ERROR;
				GCC_WARN_UNDECLARED_SELECTOR = YES;
				GCC_WARN_UNINITIALIZED_AUTOS = YES_AGGRESSIVE;
				GCC_WARN_UNUSED_FUNCTION = YES;
				GCC_WARN_UNUSED_VARIABLE = YES;
				IPHONEOS_DEPLOYMENT_TARGET = 11.0;
				MTL_ENABLE_DEBUG_INFO = NO;
				MTL_FAST_MATH = YES;
				SDKROOT = iphoneos;
				SWIFT_COMPILATION_MODE = wholemodule;
				SWIFT_OPTIMIZATION_LEVEL = "-O";
				VALIDATE_PRODUCT = YES;
			};
			name = Release;
		};
		6674D42F21FDD259000DCFD5 /* Debug */ = {
			isa = XCBuildConfiguration;
			buildSettings = {
				ASSETCATALOG_COMPILER_APPICON_NAME = AppIcon;
				CODE_SIGN_STYLE = Automatic;
				DEVELOPMENT_TEAM = 8T6MHKM77M;
				INFOPLIST_FILE = FirstDemo/Info.plist;
				LD_RUNPATH_SEARCH_PATHS = (
					"$(inherited)",
					"@executable_path/Frameworks",
				);
				PRODUCT_BUNDLE_IDENTIFIER = com.gmail.ohara.kazuki.FirstDemo;
				PRODUCT_NAME = "$(TARGET_NAME)";
				SWIFT_VERSION = 4.2;
				TARGETED_DEVICE_FAMILY = "1,2";
			};
			name = Debug;
		};
		6674D43021FDD259000DCFD5 /* Release */ = {
			isa = XCBuildConfiguration;
			buildSettings = {
				ASSETCATALOG_COMPILER_APPICON_NAME = AppIcon;
				CODE_SIGN_STYLE = Automatic;
				DEVELOPMENT_TEAM = 8T6MHKM77M;
				INFOPLIST_FILE = FirstDemo/Info.plist;
				LD_RUNPATH_SEARCH_PATHS = (
					"$(inherited)",
					"@executable_path/Frameworks",
				);
				PRODUCT_BUNDLE_IDENTIFIER = com.gmail.ohara.kazuki.FirstDemo;
				PRODUCT_NAME = "$(TARGET_NAME)";
				SWIFT_VERSION = 4.2;
				TARGETED_DEVICE_FAMILY = "1,2";
			};
			name = Release;
		};
		6674D43221FDD259000DCFD5 /* Debug */ = {
			isa = XCBuildConfiguration;
			buildSettings = {
				ALWAYS_EMBED_SWIFT_STANDARD_LIBRARIES = YES;
				BUNDLE_LOADER = "$(TEST_HOST)";
				CODE_SIGN_STYLE = Automatic;
				DEVELOPMENT_TEAM = 8T6MHKM77M;
				INFOPLIST_FILE = FirstDemoTests/Info.plist;
				LD_RUNPATH_SEARCH_PATHS = (
					"$(inherited)",
					"@executable_path/Frameworks",
					"@loader_path/Frameworks",
				);
				PRODUCT_BUNDLE_IDENTIFIER = com.gmail.ohara.kazuki.FirstDemoTests;
				PRODUCT_NAME = "$(TARGET_NAME)";
				SWIFT_VERSION = 4.2;
				TARGETED_DEVICE_FAMILY = "1,2";
				TEST_HOST = "$(BUILT_PRODUCTS_DIR)/FirstDemo.app/FirstDemo";
			};
			name = Debug;
		};
		6674D43321FDD259000DCFD5 /* Release */ = {
			isa = XCBuildConfiguration;
			buildSettings = {
				ALWAYS_EMBED_SWIFT_STANDARD_LIBRARIES = YES;
				BUNDLE_LOADER = "$(TEST_HOST)";
				CODE_SIGN_STYLE = Automatic;
				DEVELOPMENT_TEAM = 8T6MHKM77M;
				INFOPLIST_FILE = FirstDemoTests/Info.plist;
				LD_RUNPATH_SEARCH_PATHS = (
					"$(inherited)",
					"@executable_path/Frameworks",
					"@loader_path/Frameworks",
				);
				PRODUCT_BUNDLE_IDENTIFIER = com.gmail.ohara.kazuki.FirstDemoTests;
				PRODUCT_NAME = "$(TARGET_NAME)";
				SWIFT_VERSION = 4.2;
				TARGETED_DEVICE_FAMILY = "1,2";
				TEST_HOST = "$(BUILT_PRODUCTS_DIR)/FirstDemo.app/FirstDemo";
			};
			name = Release;
		};
/* End XCBuildConfiguration section */

/* Begin XCConfigurationList section */
		6674D40C21FDD257000DCFD5 /* Build configuration list for PBXProject "FirstDemo" */ = {
			isa = XCConfigurationList;
			buildConfigurations = (
				6674D42C21FDD259000DCFD5 /* Debug */,
				6674D42D21FDD259000DCFD5 /* Release */,
			);
			defaultConfigurationIsVisible = 0;
			defaultConfigurationName = Release;
		};
		6674D42E21FDD259000DCFD5 /* Build configuration list for PBXNativeTarget "FirstDemo" */ = {
			isa = XCConfigurationList;
			buildConfigurations = (
				6674D42F21FDD259000DCFD5 /* Debug */,
				6674D43021FDD259000DCFD5 /* Release */,
			);
			defaultConfigurationIsVisible = 0;
			defaultConfigurationName = Release;
		};
		6674D43121FDD259000DCFD5 /* Build configuration list for PBXNativeTarget "FirstDemoTests" */ = {
			isa = XCConfigurationList;
			buildConfigurations = (
				6674D43221FDD259000DCFD5 /* Debug */,
				6674D43321FDD259000DCFD5 /* Release */,
			);
			defaultConfigurationIsVisible = 0;
			defaultConfigurationName = Release;
		};
/* End XCConfigurationList section */
	};
	rootObject = 6674D40921FDD257000DCFD5 /* Project object */;
}
